
Microsoft Visual Studio Solution File, Format Version 12.00
# Visual Studio 15
VisualStudioVersion = 15.0.26730.15
MinimumVisualStudioVersion = 10.0.40219.1
Project("{FAE04EC0-301F-11D3-BF4B-00C04F79EFBC}") = "EvalServiceLibrary", "EvalServiceLibrary\EvalServiceLibrary.csproj", "{E0D28036-A41E-46D4-86BA-0E3A6A04516B}"
EndProject
Project("{FAE04EC0-301F-11D3-BF4B-00C04F79EFBC}") = "ClientEvalService", "ClientEvalService\ClientEvalService.csproj", "{D9FFA214-D1FA-4F51-AA76-C2FC48139995}"
	ProjectSection(ProjectDependencies) = postProject
		{E0D28036-A41E-46D4-86BA-0E3A6A04516B} = {E0D28036-A41E-46D4-86BA-0E3A6A04516B}
	EndProjectSection
EndProject
Project("{E24C65DC-7377-472B-9ABA-BC803B73C61A}") = "EvalServiceSite", "EvalServiceSite\", "{33B1B435-EB0B-4C62-B1F0-04778863BDF6}"
	ProjectSection(WebsiteProperties) = preProject
		TargetFrameworkMoniker = ".NETFramework,Version%3Dv3.5"
		ProjectReferences = "{e0d28036-a41e-46d4-86ba-0e3a6a04516b}|EvalServiceLibrary.dll;"
		Debug.AspNetCompiler.VirtualPath = "/localhost_60150"
		Debug.AspNetCompiler.PhysicalPath = "EvalServiceSite\"
		Debug.AspNetCompiler.TargetPath = "PrecompiledWeb\localhost_60150\"
		Debug.AspNetCompiler.Updateable = "true"
		Debug.AspNetCompiler.ForceOverwrite = "true"
		Debug.AspNetCompiler.FixedNames = "false"
		Debug.AspNetCompiler.Debug = "True"
		Release.AspNetCompiler.VirtualPath = "/localhost_60150"
		Release.AspNetCompiler.PhysicalPath = "EvalServiceSite\"
		Release.AspNetCompiler.TargetPath = "PrecompiledWeb\localhost_60150\"
		Release.AspNetCompiler.Updateable = "true"
		Release.AspNetCompiler.ForceOverwrite = "true"
		Release.AspNetCompiler.FixedNames = "false"
		Release.AspNetCompiler.Debug = "False"
		VWDPort = "60150"
		SlnRelativePath = "EvalServiceSite\"
		DefaultWebSiteLanguage = "Visual C#"
	EndProjectSection
EndProject
Project("{FAE04EC0-301F-11D3-BF4B-00C04F79EFBC}") = "EvalWindowsService", "EvalWindowsService\EvalWindowsService.csproj", "{92347420-1069-40A2-BBED-71173E4F9C6E}"
EndProject
Project("{FAE04EC0-301F-11D3-BF4B-00C04F79EFBC}") = "EvalServiceHost", "EvalServiceHost\EvalServiceHost.csproj", "{AF0035E0-5C0B-4689-A1C0-297FD3FD5D7B}"
EndProject
Project("{2150E333-8FDC-42A3-9474-1A3956D46DE8}") = "Solution Items", "Solution Items", "{ED8B6521-7E17-441B-B4EB-D5F54A71D883}"
	ProjectSection(SolutionItems) = preProject
		Readme.md = Readme.md
	EndProjectSection
EndProject
Global
	GlobalSection(SolutionConfigurationPlatforms) = preSolution
		Debug|Any CPU = Debug|Any CPU
		Release|Any CPU = Release|Any CPU
	EndGlobalSection
	GlobalSection(ProjectConfigurationPlatforms) = postSolution
		{E0D28036-A41E-46D4-86BA-0E3A6A04516B}.Debug|Any CPU.ActiveCfg = Debug|Any CPU
		{E0D28036-A41E-46D4-86BA-0E3A6A04516B}.Debug|Any CPU.Build.0 = Debug|Any CPU
		{E0D28036-A41E-46D4-86BA-0E3A6A04516B}.Release|Any CPU.ActiveCfg = Release|Any CPU
		{E0D28036-A41E-46D4-86BA-0E3A6A04516B}.Release|Any CPU.Build.0 = Release|Any CPU
		{D9FFA214-D1FA-4F51-AA76-C2FC48139995}.Debug|Any CPU.ActiveCfg = Debug|Any CPU
		{D9FFA214-D1FA-4F51-AA76-C2FC48139995}.Debug|Any CPU.Build.0 = Debug|Any CPU
		{D9FFA214-D1FA-4F51-AA76-C2FC48139995}.Release|Any CPU.ActiveCfg = Release|Any CPU
		{D9FFA214-D1FA-4F51-AA76-C2FC48139995}.Release|Any CPU.Build.0 = Release|Any CPU
		{33B1B435-EB0B-4C62-B1F0-04778863BDF6}.Debug|Any CPU.ActiveCfg = Debug|Any CPU
		{33B1B435-EB0B-4C62-B1F0-04778863BDF6}.Debug|Any CPU.Build.0 = Debug|Any CPU
		{33B1B435-EB0B-4C62-B1F0-04778863BDF6}.Release|Any CPU.ActiveCfg = Debug|Any CPU
		{33B1B435-EB0B-4C62-B1F0-04778863BDF6}.Release|Any CPU.Build.0 = Debug|Any CPU
		{92347420-1069-40A2-BBED-71173E4F9C6E}.Debug|Any CPU.ActiveCfg = Debug|Any CPU
		{92347420-1069-40A2-BBED-71173E4F9C6E}.Debug|Any CPU.Build.0 = Debug|Any CPU
		{92347420-1069-40A2-BBED-71173E4F9C6E}.Release|Any CPU.ActiveCfg = Release|Any CPU
		{92347420-1069-40A2-BBED-71173E4F9C6E}.Release|Any CPU.Build.0 = Release|Any CPU
		{AF0035E0-5C0B-4689-A1C0-297FD3FD5D7B}.Debug|Any CPU.ActiveCfg = Debug|Any CPU
		{AF0035E0-5C0B-4689-A1C0-297FD3FD5D7B}.Debug|Any CPU.Build.0 = Debug|Any CPU
		{AF0035E0-5C0B-4689-A1C0-297FD3FD5D7B}.Release|Any CPU.ActiveCfg = Release|Any CPU
		{AF0035E0-5C0B-4689-A1C0-297FD3FD5D7B}.Release|Any CPU.Build.0 = Release|Any CPU
	EndGlobalSection
	GlobalSection(SolutionProperties) = preSolution
		HideSolutionNode = FALSE
	EndGlobalSection
	GlobalSection(ExtensibilityGlobals) = postSolution
		SolutionGuid = {7531A775-100C-45A2-95E7-8F4686BEEF5D}
	EndGlobalSection
EndGlobal
